
Microsoft Visual Studio Solution File, Format Version 12.00
# Visual Studio 15
VisualStudioVersion = 15.0.27130.2036
MinimumVisualStudioVersion = 10.0.40219.1
Project("{FAE04EC0-301F-11D3-BF4B-00C04F79EFBC}") = "ChatApp_Server", "ChatApp_Server\ChatApp_Server.csproj", "{D0736C6C-5B7E-40A8-9746-C551784B91E0}"
EndProject
Project("{FAE04EC0-301F-11D3-BF4B-00C04F79EFBC}") = "ChatAppClient", "ChatAppClient\ChatAppClient.csproj", "{7DD928DB-CD3E-4396-AB48-CDD7D1495850}"
EndProject
Global
	GlobalSection(SolutionConfigurationPlatforms) = preSolution
		Debug|Any CPU = Debug|Any CPU
		Release|Any CPU = Release|Any CPU
	EndGlobalSection
	GlobalSection(ProjectConfigurationPlatforms) = postSolution
		{D0736C6C-5B7E-40A8-9746-C551784B91E0}.Debug|Any CPU.ActiveCfg = Debug|Any CPU
		{D0736C6C-5B7E-40A8-9746-C551784B91E0}.Debug|Any CPU.Build.0 = Debug|Any CPU
		{D0736C6C-5B7E-40A8-9746-C551784B91E0}.Release|Any CPU.ActiveCfg = Release|Any CPU
		{D0736C6C-5B7E-40A8-9746-C551784B91E0}.Release|Any CPU.Build.0 = Release|Any CPU
		{7DD928DB-CD3E-4396-AB48-CDD7D1495850}.Debug|Any CPU.ActiveCfg = Debug|Any CPU
		{7DD928DB-CD3E-4396-AB48-CDD7D1495850}.Debug|Any CPU.Build.0 = Debug|Any CPU
		{7DD928DB-CD3E-4396-AB48-CDD7D1495850}.Release|Any CPU.ActiveCfg = Release|Any CPU
		{7DD928DB-CD3E-4396-AB48-CDD7D1495850}.Release|Any CPU.Build.0 = Release|Any CPU
	EndGlobalSection
	GlobalSection(SolutionProperties) = preSolution
		HideSolutionNode = FALSE
	EndGlobalSection
	GlobalSection(ExtensibilityGlobals) = postSolution
		SolutionGuid = {255FEF81-D208-48F0-BF87-F0A5656EB71B}
	EndGlobalSection
EndGlobal
